
Microsoft Visual Studio Solution File, Format Version 12.00
# Visual Studio Version 17
VisualStudioVersion = 17.5.002.0
MinimumVisualStudioVersion = 10.0.40219.1
Project("{9A19103F-16F7-4668-BE54-9A1E7A4F7556}") = "DanmakuEngine.DependencyInjection.Analyzers", "DanmakuEngine.DependencyInjection.Analyzers.csproj", "{A0CEF7AC-6FB1-4ECC-9DA1-90D8B653294E}"
EndProject
Global
	GlobalSection(SolutionConfigurationPlatforms) = preSolution
		Debug|Any CPU = Debug|Any CPU
		Release|Any CPU = Release|Any CPU
	EndGlobalSection
	GlobalSection(ProjectConfigurationPlatforms) = postSolution
		{A0CEF7AC-6FB1-4ECC-9DA1-90D8B653294E}.Debug|Any CPU.ActiveCfg = Debug|Any CPU
		{A0CEF7AC-6FB1-4ECC-9DA1-90D8B653294E}.Debug|Any CPU.Build.0 = Debug|Any CPU
		{A0CEF7AC-6FB1-4ECC-9DA1-90D8B653294E}.Release|Any CPU.ActiveCfg = Release|Any CPU
		{A0CEF7AC-6FB1-4ECC-9DA1-90D8B653294E}.Release|Any CPU.Build.0 = Release|Any CPU
	EndGlobalSection
	GlobalSection(SolutionProperties) = preSolution
		HideSolutionNode = FALSE
	EndGlobalSection
	GlobalSection(ExtensibilityGlobals) = postSolution
		SolutionGuid = {ECBA9820-37B7-4F7F-A49F-50EED8761831}
	EndGlobalSection
EndGlobal
